uuid: 1a148259-9c6f-448e-84dc-8bed274796b1
langcode: en
status: true
dependencies:
  module:
    - site_settings
  theme:
    - bootstrap_barrio
id: bootstrap_barrio_renderedsitesettingsblock
theme: bootstrap_barrio
region: top_header
weight: -8
provider: null
plugin: single_rendered_site_settings_block
settings:
  id: single_rendered_site_settings_block
  label: 'Banner site settings'
  label_display: '0'
  provider: site_settings
  setting: banner
visibility: {  }
